
Microsoft Visual Studio Solution File, Format Version 12.00
# Visual Studio Version 17
VisualStudioVersion = 17.1.32328.378
MinimumVisualStudioVersion = 10.0.40219.1
Project("{FAE04EC0-301F-11D3-BF4B-00C04F79EFBC}") = "TarkovSite", "TarkovSite.csproj", "{9F02AEDE-2F5A-4D2C-B28B-25796D20492F}"
EndProject
Global
	GlobalSection(SolutionConfigurationPlatforms) = preSolution
		Debug|Any CPU = Debug|Any CPU
		Release|Any CPU = Release|Any CPU
	EndGlobalSection
	GlobalSection(ProjectConfigurationPlatforms) = postSolution
		{9F02AEDE-2F5A-4D2C-B28B-25796D20492F}.Debug|Any CPU.ActiveCfg = Debug|Any CPU
		{9F02AEDE-2F5A-4D2C-B28B-25796D20492F}.Debug|Any CPU.Build.0 = Debug|Any CPU
		{9F02AEDE-2F5A-4D2C-B28B-25796D20492F}.Release|Any CPU.ActiveCfg = Release|Any CPU
		{9F02AEDE-2F5A-4D2C-B28B-25796D20492F}.Release|Any CPU.Build.0 = Release|Any CPU
	EndGlobalSection
	GlobalSection(SolutionProperties) = preSolution
		HideSolutionNode = FALSE
	EndGlobalSection
	GlobalSection(ExtensibilityGlobals) = postSolution
		SolutionGuid = {E1015BDB-202D-44D6-9B9D-738A3E12AE5F}
	EndGlobalSection
EndGlobal
